
Microsoft Visual Studio Solution File, Format Version 12.00
# Visual Studio 15
VisualStudioVersion = 15.0.27428.2037
MinimumVisualStudioVersion = 10.0.40219.1
Project("{FAE04EC0-301F-11D3-BF4B-00C04F79EFBC}") = "HodApiMaster", "HodApiMaster\HodApiMaster.csproj", "{475077E4-3C25-42D0-8F6E-E79254E0DB79}"
EndProject
Project("{FAE04EC0-301F-11D3-BF4B-00C04F79EFBC}") = "HodApiFront", "HodApiFront\HodApiFront.csproj", "{A61D644E-AC8A-4FF2-8AC9-EE09613BFD5C}"
EndProject
Global
	GlobalSection(SolutionConfigurationPlatforms) = preSolution
		Debug|Any CPU = Debug|Any CPU
		Release|Any CPU = Release|Any CPU
	EndGlobalSection
	GlobalSection(ProjectConfigurationPlatforms) = postSolution
		{475077E4-3C25-42D0-8F6E-E79254E0DB79}.Debug|Any CPU.ActiveCfg = Debug|Any CPU
		{475077E4-3C25-42D0-8F6E-E79254E0DB79}.Debug|Any CPU.Build.0 = Debug|Any CPU
		{475077E4-3C25-42D0-8F6E-E79254E0DB79}.Release|Any CPU.ActiveCfg = Release|Any CPU
		{475077E4-3C25-42D0-8F6E-E79254E0DB79}.Release|Any CPU.Build.0 = Release|Any CPU
		{A61D644E-AC8A-4FF2-8AC9-EE09613BFD5C}.Debug|Any CPU.ActiveCfg = Debug|Any CPU
		{A61D644E-AC8A-4FF2-8AC9-EE09613BFD5C}.Debug|Any CPU.Build.0 = Debug|Any CPU
		{A61D644E-AC8A-4FF2-8AC9-EE09613BFD5C}.Release|Any CPU.ActiveCfg = Release|Any CPU
		{A61D644E-AC8A-4FF2-8AC9-EE09613BFD5C}.Release|Any CPU.Build.0 = Release|Any CPU
	EndGlobalSection
	GlobalSection(SolutionProperties) = preSolution
		HideSolutionNode = FALSE
	EndGlobalSection
	GlobalSection(ExtensibilityGlobals) = postSolution
		SolutionGuid = {1BD5EC45-2372-4842-99D7-93D7DAC990EF}
	EndGlobalSection
EndGlobal
